// !$*UTF8*$!
{
	archiveVersion = 1;
	classes = {
	};
	objectVersion = 46;
	objects = {

/* Begin PBXBuildFile section */
		9DE931CE1B2368A800C5AD86 /* AppDelegate.swift in Sources */ = {isa = PBXBuildFile; fileRef = 9DE931CD1B2368A800C5AD86 /* AppDelegate.swift */; };
		9DE931D51B2368A800C5AD86 /* Images.xcassets in Resources */ = {isa = PBXBuildFile; fileRef = 9DE931D41B2368A800C5AD86 /* Images.xcassets */; };
		9DE931D81B2368A800C5AD86 /* LaunchScreen.xib in Resources */ = {isa = PBXBuildFile; fileRef = 9DE931D61B2368A800C5AD86 /* LaunchScreen.xib */; };
		9DE931E41B2368A800C5AD86 /* OnTheMapTests.swift in Sources */ = {isa = PBXBuildFile; fileRef = 9DE931E31B2368A800C5AD86 /* OnTheMapTests.swift */; };
		9DE931EF1B2369D800C5AD86 /* LoginViewController.swift in Sources */ = {isa = PBXBuildFile; fileRef = 9DE931ED1B2369D800C5AD86 /* LoginViewController.swift */; };
		9DE931F01B2369D800C5AD86 /* OTMclient.swift in Sources */ = {isa = PBXBuildFile; fileRef = 9DE931EE1B2369D800C5AD86 /* OTMclient.swift */; };
		9DE931F41B236ADB00C5AD86 /* Main.storyboard in Resources */ = {isa = PBXBuildFile; fileRef = 9DE931F31B236ADB00C5AD86 /* Main.storyboard */; };
		9DE931F61B237B0100C5AD86 /* StudentInfoViewController.swift in Sources */ = {isa = PBXBuildFile; fileRef = 9DE931F51B237B0100C5AD86 /* StudentInfoViewController.swift */; };
		9DE931F81B2497D200C5AD86 /* MapViewController.swift in Sources */ = {isa = PBXBuildFile; fileRef = 9DE931F71B2497D200C5AD86 /* MapViewController.swift */; };
		9DE931FA1B249FDF00C5AD86 /* TableViewController.swift in Sources */ = {isa = PBXBuildFile; fileRef = 9DE931F91B249FDF00C5AD86 /* TableViewController.swift */; };
		9DE931FC1B24AA9200C5AD86 /* Student.swift in Sources */ = {isa = PBXBuildFile; fileRef = 9DE931FB1B24AA9200C5AD86 /* Student.swift */; };
		9DE931FE1B2A713D00C5AD86 /* LocationSelectionViewController.swift in Sources */ = {isa = PBXBuildFile; fileRef = 9DE931FD1B2A713D00C5AD86 /* LocationSelectionViewController.swift */; };
		9DE932001B2A743000C5AD86 /* URLMapViewController.swift in Sources */ = {isa = PBXBuildFile; fileRef = 9DE931FF1B2A743000C5AD86 /* URLMapViewController.swift */; };
/* End PBXBuildFile section */

/* Begin PBXContainerItemProxy section */
		9DE931DE1B2368A800C5AD86 /* PBXContainerItemProxy */ = {
			isa = PBXContainerItemProxy;
			containerPortal = 9DE931C01B2368A800C5AD86 /* Project object */;
			proxyType = 1;
			remoteGlobalIDString = 9DE931C71B2368A800C5AD86;
			remoteInfo = OnTheMap;
		};
/* End PBXContainerItemProxy section */

/* Begin PBXFileReference section */
		9DE931C81B2368A800C5AD86 /* OnTheMap.app */ = {isa = PBXFileReference; explicitFileType = wrapper.application; includeInIndex = 0; path = OnTheMap.app; sourceTree = BUILT_PRODUCTS_DIR; };
		9DE931CC1B2368A800C5AD86 /* Info.plist */ = {isa = PBXFileReference; lastKnownFileType = text.plist.xml; path = Info.plist; sourceTree = "<group>"; };
		9DE931CD1B2368A800C5AD86 /* AppDelegate.swift */ = {isa = PBXFileReference; lastKnownFileType = sourcecode.swift; path = AppDelegate.swift; sourceTree = "<group>"; };
		9DE931D41B2368A800C5AD86 /* Images.xcassets */ = {isa = PBXFileReference; lastKnownFileType = folder.assetcatalog; path = Images.xcassets; sourceTree = "<group>"; };
		9DE931D71B2368A800C5AD86 /* Base */ = {isa = PBXFileReference; lastKnownFileType = file.xib; name = Base; path = Base.lproj/LaunchScreen.xib; sourceTree = "<group>"; };
		9DE931DD1B2368A800C5AD86 /* OnTheMapTests.xctest */ = {isa = PBXFileReference; explicitFileType = wrapper.cfbundle; includeInIndex = 0; path = OnTheMapTests.xctest; sourceTree = BUILT_PRODUCTS_DIR; };
		9DE931E21B2368A800C5AD86 /* Info.plist */ = {isa = PBXFileReference; lastKnownFileType = text.plist.xml; path = Info.plist; sourceTree = "<group>"; };
		9DE931E31B2368A800C5AD86 /* OnTheMapTests.swift */ = {isa = PBXFileReference; lastKnownFileType = sourcecode.swift; path = OnTheMapTests.swift; sourceTree = "<group>"; };
		9DE931ED1B2369D800C5AD86 /* LoginViewController.swift */ = {isa = PBXFileReference; fileEncoding = 4; lastKnownFileType = sourcecode.swift; path = LoginViewController.swift; sourceTree = "<group>"; };
		9DE931EE1B2369D800C5AD86 /* OTMclient.swift */ = {isa = PBXFileReference; fileEncoding = 4; lastKnownFileType = sourcecode.swift; path = OTMclient.swift; sourceTree = "<group>"; };
		9DE931F31B236ADB00C5AD86 /* Main.storyboard */ = {isa = PBXFileReference; fileEncoding = 4; lastKnownFileType = file.storyboard; path = Main.storyboard; sourceTree = "<group>"; };
		9DE931F51B237B0100C5AD86 /* StudentInfoViewController.swift */ = {isa = PBXFileReference; fileEncoding = 4; lastKnownFileType = sourcecode.swift; path = StudentInfoViewController.swift; sourceTree = "<group>"; };
		9DE931F71B2497D200C5AD86 /* MapViewController.swift */ = {isa = PBXFileReference; fileEncoding = 4; lastKnownFileType = sourcecode.swift; path = MapViewController.swift; sourceTree = "<group>"; };
		9DE931F91B249FDF00C5AD86 /* TableViewController.swift */ = {isa = PBXFileReference; fileEncoding = 4; lastKnownFileType = sourcecode.swift; path = TableViewController.swift; sourceTree = "<group>"; };
		9DE931FB1B24AA9200C5AD86 /* Student.swift */ = {isa = PBXFileReference; fileEncoding = 4; lastKnownFileType = sourcecode.swift; path = Student.swift; sourceTree = "<group>"; };
		9DE931FD1B2A713D00C5AD86 /* LocationSelectionViewController.swift */ = {isa = PBXFileReference; fileEncoding = 4; lastKnownFileType = sourcecode.swift; path = LocationSelectionViewController.swift; sourceTree = "<group>"; };
		9DE931FF1B2A743000C5AD86 /* URLMapViewController.swift */ = {isa = PBXFileReference; fileEncoding = 4; lastKnownFileType = sourcecode.swift; path = URLMapViewController.swift; sourceTree = "<group>"; };
/* End PBXFileReference section */

/* Begin PBXFrameworksBuildPhase section */
		9DE931C51B2368A800C5AD86 /* Frameworks */ = {
			isa = PBXFrameworksBuildPhase;
			buildActionMask = 2147483647;
			files = (
			);
			runOnlyForDeploymentPostprocessing = 0;
		};
		9DE931DA1B2368A800C5AD86 /* Frameworks */ = {
			isa = PBXFrameworksBuildPhase;
			buildActionMask = 2147483647;
			files = (
			);
			runOnlyForDeploymentPostprocessing = 0;
		};
/* End PBXFrameworksBuildPhase section */

/* Begin PBXGroup section */
		9DE931BF1B2368A800C5AD86 = {
			isa = PBXGroup;
			children = (
				9DE931CA1B2368A800C5AD86 /* OnTheMap */,
				9DE931E01B2368A800C5AD86 /* OnTheMapTests */,
				9DE931C91B2368A800C5AD86 /* Products */,
			);
			sourceTree = "<group>";
		};
		9DE931C91B2368A800C5AD86 /* Products */ = {
			isa = PBXGroup;
			children = (
				9DE931C81B2368A800C5AD86 /* OnTheMap.app */,
				9DE931DD1B2368A800C5AD86 /* OnTheMapTests.xctest */,
			);
			name = Products;
			sourceTree = "<group>";
		};
		9DE931CA1B2368A800C5AD86 /* OnTheMap */ = {
			isa = PBXGroup;
			children = (
				9DE931CD1B2368A800C5AD86 /* AppDelegate.swift */,
				9DE931F11B236A5B00C5AD86 /* Model */,
				9DE931F21B236A6E00C5AD86 /* Controller */,
				9DE931F31B236ADB00C5AD86 /* Main.storyboard */,
				9DE931D61B2368A800C5AD86 /* LaunchScreen.xib */,
				9DE931D41B2368A800C5AD86 /* Images.xcassets */,
				9DE931CB1B2368A800C5AD86 /* Supporting Files */,
			);
			path = OnTheMap;
			sourceTree = "<group>";
		};
		9DE931CB1B2368A800C5AD86 /* Supporting Files */ = {
			isa = PBXGroup;
			children = (
				9DE931CC1B2368A800C5AD86 /* Info.plist */,
			);
			name = "Supporting Files";
			sourceTree = "<group>";
		};
		9DE931E01B2368A800C5AD86 /* OnTheMapTests */ = {
			isa = PBXGroup;
			children = (
				9DE931E31B2368A800C5AD86 /* OnTheMapTests.swift */,
				9DE931E11B2368A800C5AD86 /* Supporting Files */,
			);
			path = OnTheMapTests;
			sourceTree = "<group>";
		};
		9DE931E11B2368A800C5AD86 /* Supporting Files */ = {
			isa = PBXGroup;
			children = (
				9DE931E21B2368A800C5AD86 /* Info.plist */,
			);
			name = "Supporting Files";
			sourceTree = "<group>";
		};
		9DE931F11B236A5B00C5AD86 /* Model */ = {
			isa = PBXGroup;
			children = (
				9DE931EE1B2369D800C5AD86 /* OTMclient.swift */,
				9DE931FB1B24AA9200C5AD86 /* Student.swift */,
			);
			name = Model;
			sourceTree = "<group>";
		};
		9DE931F21B236A6E00C5AD86 /* Controller */ = {
			isa = PBXGroup;
			children = (
				9DE931F71B2497D200C5AD86 /* MapViewController.swift */,
				9DE931F91B249FDF00C5AD86 /* TableViewController.swift */,
				9DE931ED1B2369D800C5AD86 /* LoginViewController.swift */,
				9DE931F51B237B0100C5AD86 /* StudentInfoViewController.swift */,
				9DE931FD1B2A713D00C5AD86 /* LocationSelectionViewController.swift */,
				9DE931FF1B2A743000C5AD86 /* URLMapViewController.swift */,
			);
			name = Controller;
			sourceTree = "<group>";
		};
/* End PBXGroup section */

/* Begin PBXNativeTarget section */
		9DE931C71B2368A800C5AD86 /* OnTheMap */ = {
			isa = PBXNativeTarget;
			buildConfigurationList = 9DE931E71B2368A800C5AD86 /* Build configuration list for PBXNativeTarget "OnTheMap" */;
			buildPhases = (
				9DE931C41B2368A800C5AD86 /* Sources */,
				9DE931C51B2368A800C5AD86 /* Frameworks */,
				9DE931C61B2368A800C5AD86 /* Resources */,
			);
			buildRules = (
			);
			dependencies = (
			);
			name = OnTheMap;
			productName = OnTheMap;
			productReference = 9DE931C81B2368A800C5AD86 /* OnTheMap.app */;
			productType = "com.apple.product-type.application";
		};
		9DE931DC1B2368A800C5AD86 /* OnTheMapTests */ = {
			isa = PBXNativeTarget;
			buildConfigurationList = 9DE931EA1B2368A800C5AD86 /* Build configuration list for PBXNativeTarget "OnTheMapTests" */;
			buildPhases = (
				9DE931D91B2368A800C5AD86 /* Sources */,
				9DE931DA1B2368A800C5AD86 /* Frameworks */,
				9DE931DB1B2368A800C5AD86 /* Resources */,
			);
			buildRules = (
			);
			dependencies = (
				9DE931DF1B2368A800C5AD86 /* PBXTargetDependency */,
			);
			name = OnTheMapTests;
			productName = OnTheMapTests;
			productReference = 9DE931DD1B2368A800C5AD86 /* OnTheMapTests.xctest */;
			productType = "com.apple.product-type.bundle.unit-test";
		};
/* End PBXNativeTarget section */

/* Begin PBXProject section */
		9DE931C01B2368A800C5AD86 /* Project object */ = {
			isa = PBXProject;
			attributes = {
				LastUpgradeCheck = 0630;
				ORGANIZATIONNAME = "Christopher Burgess";
				TargetAttributes = {
					9DE931C71B2368A800C5AD86 = {
						CreatedOnToolsVersion = 6.3.2;
					};
					9DE931DC1B2368A800C5AD86 = {
						CreatedOnToolsVersion = 6.3.2;
						TestTargetID = 9DE931C71B2368A800C5AD86;
					};
				};
			};
			buildConfigurationList = 9DE931C31B2368A800C5AD86 /* Build configuration list for PBXProject "OnTheMap" */;
			compatibilityVersion = "Xcode 3.2";
			developmentRegion = English;
			hasScannedForEncodings = 0;
			knownRegions = (
				en,
				Base,
			);
			mainGroup = 9DE931BF1B2368A800C5AD86;
			productRefGroup = 9DE931C91B2368A800C5AD86 /* Products */;
			projectDirPath = "";
			projectRoot = "";
			targets = (
				9DE931C71B2368A800C5AD86 /* OnTheMap */,
				9DE931DC1B2368A800C5AD86 /* OnTheMapTests */,
			);
		};
/* End PBXProject section */

/* Begin PBXResourcesBuildPhase section */
		9DE931C61B2368A800C5AD86 /* Resources */ = {
			isa = PBXResourcesBuildPhase;
			buildActionMask = 2147483647;
			files = (
				9DE931D81B2368A800C5AD86 /* LaunchScreen.xib in Resources */,
				9DE931D51B2368A800C5AD86 /* Images.xcassets in Resources */,
				9DE931F41B236ADB00C5AD86 /* Main.storyboard in Resources */,
			);
			runOnlyForDeploymentPostprocessing = 0;
		};
		9DE931DB1B2368A800C5AD86 /* Resources */ = {
			isa = PBXResourcesBuildPhase;
			buildActionMask = 2147483647;
			files = (
			);
			runOnlyForDeploymentPostprocessing = 0;
		};
/* End PBXResourcesBuildPhase section */

/* Begin PBXSourcesBuildPhase section */
		9DE931C41B2368A800C5AD86 /* Sources */ = {
			isa = PBXSourcesBuildPhase;
			buildActionMask = 2147483647;
			files = (
				9DE931EF1B2369D800C5AD86 /* LoginViewController.swift in Sources */,
				9DE931FA1B249FDF00C5AD86 /* TableViewController.swift in Sources */,
				9DE932001B2A743000C5AD86 /* URLMapViewController.swift in Sources */,
				9DE931F61B237B0100C5AD86 /* StudentInfoViewController.swift in Sources */,
				9DE931F01B2369D800C5AD86 /* OTMclient.swift in Sources */,
				9DE931F81B2497D200C5AD86 /* MapViewController.swift in Sources */,
				9DE931FC1B24AA9200C5AD86 /* Student.swift in Sources */,
				9DE931FE1B2A713D00C5AD86 /* LocationSelectionViewController.swift in Sources */,
				9DE931CE1B2368A800C5AD86 /* AppDelegate.swift in Sources */,
			);
			runOnlyForDeploymentPostprocessing = 0;
		};
		9DE931D91B2368A800C5AD86 /* Sources */ = {
			isa = PBXSourcesBuildPhase;
			buildActionMask = 2147483647;
			files = (
				9DE931E41B2368A800C5AD86 /* OnTheMapTests.swift in Sources */,
			);
			runOnlyForDeploymentPostprocessing = 0;
		};
/* End PBXSourcesBuildPhase section */

/* Begin PBXTargetDependency section */
		9DE931DF1B2368A800C5AD86 /* PBXTargetDependency */ = {
			isa = PBXTargetDependency;
			target = 9DE931C71B2368A800C5AD86 /* OnTheMap */;
			targetProxy = 9DE931DE1B2368A800C5AD86 /* PBXContainerItemProxy */;
		};
/* End PBXTargetDependency section */

/* Begin PBXVariantGroup section */
		9DE931D61B2368A800C5AD86 /* LaunchScreen.xib */ = {
			isa = PBXVariantGroup;
			children = (
				9DE931D71B2368A800C5AD86 /* Base */,
			);
			name = LaunchScreen.xib;
			sourceTree = "<group>";
		};
/* End PBXVariantGroup section */

/* Begin XCBuildConfiguration section */
		9DE931E51B2368A800C5AD86 /* Debug */ = {
			isa = XCBuildConfiguration;
			buildSettings = {
				ALWAYS_SEARCH_USER_PATHS = NO;
				CLANG_CXX_LANGUAGE_STANDARD = "gnu++0x";
				CLANG_CXX_LIBRARY = "libc++";
				CLANG_ENABLE_MODULES = YES;
				CLANG_ENABLE_OBJC_ARC = YES;
				CLANG_WARN_BOOL_CONVERSION = YES;
				CLANG_WARN_CONSTANT_CONVERSION = YES;
				CLANG_WARN_DIRECT_OBJC_ISA_USAGE = YES_ERROR;
				CLANG_WARN_EMPTY_BODY = YES;
				CLANG_WARN_ENUM_CONVERSION = YES;
				CLANG_WARN_INT_CONVERSION = YES;
				CLANG_WARN_OBJC_ROOT_CLASS = YES_ERROR;
				CLANG_WARN_UNREACHABLE_CODE = YES;
				CLANG_WARN__DUPLICATE_METHOD_MATCH = YES;
				"CODE_SIGN_IDENTITY[sdk=iphoneos*]" = "iPhone Developer";
				COPY_PHASE_STRIP = NO;
				DEBUG_INFORMATION_FORMAT = "dwarf-with-dsym";
				ENABLE_STRICT_OBJC_MSGSEND = YES;
				GCC_C_LANGUAGE_STANDARD = gnu99;
				GCC_DYNAMIC_NO_PIC = NO;
				GCC_NO_COMMON_BLOCKS = YES;
				GCC_OPTIMIZATION_LEVEL = 0;
				GCC_PREPROCESSOR_DEFINITIONS = (
					"DEBUG=1",
					"$(inherited)",
				);
				GCC_SYMBOLS_PRIVATE_EXTERN = NO;
				GCC_WARN_64_TO_32_BIT_CONVERSION = YES;
				GCC_WARN_ABOUT_RETURN_TYPE = YES_ERROR;
				GCC_WARN_UNDECLARED_SELECTOR = YES;
				GCC_WARN_UNINITIALIZED_AUTOS = YES_AGGRESSIVE;
				GCC_WARN_UNUSED_FUNCTION = YES;
				GCC_WARN_UNUSED_VARIABLE = YES;
				IPHONEOS_DEPLOYMENT_TARGET = 8.3;
				MTL_ENABLE_DEBUG_INFO = YES;
				ONLY_ACTIVE_ARCH = YES;
				SDKROOT = iphoneos;
				SWIFT_OPTIMIZATION_LEVEL = "-Onone";
			};
			name = Debug;
		};
		9DE931E61B2368A800C5AD86 /* Release */ = {
			isa = XCBuildConfiguration;
			buildSettings = {
				ALWAYS_SEARCH_USER_PATHS = NO;
				CLANG_CXX_LANGUAGE_STANDARD = "gnu++0x";
				CLANG_CXX_LIBRARY = "libc++";
				CLANG_ENABLE_MODULES = YES;
				CLANG_ENABLE_OBJC_ARC = YES;
				CLANG_WARN_BOOL_CONVERSION = YES;
				CLANG_WARN_CONSTANT_CONVERSION = YES;
				CLANG_WARN_DIRECT_OBJC_ISA_USAGE = YES_ERROR;
				CLANG_WARN_EMPTY_BODY = YES;
				CLANG_WARN_ENUM_CONVERSION = YES;
				CLANG_WARN_INT_CONVERSION = YES;
				CLANG_WARN_OBJC_ROOT_CLASS = YES_ERROR;
				CLANG_WARN_UNREACHABLE_CODE = YES;
				CLANG_WARN__DUPLICATE_METHOD_MATCH = YES;
				"CODE_SIGN_IDENTITY[sdk=iphoneos*]" = "iPhone Developer";
				COPY_PHASE_STRIP = NO;
				DEBUG_INFORMATION_FORMAT = "dwarf-with-dsym";
				ENABLE_NS_ASSERTIONS = NO;
				ENABLE_STRICT_OBJC_MSGSEND = YES;
				GCC_C_LANGUAGE_STANDARD = gnu99;
				GCC_NO_COMMON_BLOCKS = YES;
				GCC_WARN_64_TO_32_BIT_CONVERSION = YES;
				GCC_WARN_ABOUT_RETURN_TYPE = YES_ERROR;
				GCC_WARN_UNDECLARED_SELECTOR = YES;
				GCC_WARN_UNINITIALIZED_AUTOS = YES_AGGRESSIVE;
				GCC_WARN_UNUSED_FUNCTION = YES;
				GCC_WARN_UNUSED_VARIABLE = YES;
				IPHONEOS_DEPLOYMENT_TARGET = 8.3;
				MTL_ENABLE_DEBUG_INFO = NO;
				SDKROOT = iphoneos;
				VALIDATE_PRODUCT = YES;
			};
			name = Release;
		};
		9DE931E81B2368A800C5AD86 /* Debug */ = {
			isa = XCBuildConfiguration;
			buildSettings = {
				ASSETCATALOG_COMPILER_APPICON_NAME = AppIcon;
				INFOPLIST_FILE = OnTheMap/Info.plist;
				LD_RUNPATH_SEARCH_PATHS = "$(inherited) @executable_path/Frameworks";
				PRODUCT_NAME = "$(TARGET_NAME)";
			};
			name = Debug;
		};
		9DE931E91B2368A800C5AD86 /* Release */ = {
			isa = XCBuildConfiguration;
			buildSettings = {
				ASSETCATALOG_COMPILER_APPICON_NAME = AppIcon;
				INFOPLIST_FILE = OnTheMap/Info.plist;
				LD_RUNPATH_SEARCH_PATHS = "$(inherited) @executable_path/Frameworks";
				PRODUCT_NAME = "$(TARGET_NAME)";
			};
			name = Release;
		};
		9DE931EB1B2368A800C5AD86 /* Debug */ = {
			isa = XCBuildConfiguration;
			buildSettings = {
				BUNDLE_LOADER = "$(TEST_HOST)";
				FRAMEWORK_SEARCH_PATHS = (
					"$(SDKROOT)/Developer/Library/Frameworks",
					"$(inherited)",
				);
				GCC_PREPROCESSOR_DEFINITIONS = (
					"DEBUG=1",
					"$(inherited)",
				);
				INFOPLIST_FILE = OnTheMapTests/Info.plist;
				LD_RUNPATH_SEARCH_PATHS = "$(inherited) @executable_path/Frameworks @loader_path/Frameworks";
				PRODUCT_NAME = "$(TARGET_NAME)";
				TEST_HOST = "$(BUILT_PRODUCTS_DIR)/OnTheMap.app/OnTheMap";
			};
			name = Debug;
		};
		9DE931EC1B2368A800C5AD86 /* Release */ = {
			isa = XCBuildConfiguration;
			buildSettings = {
				BUNDLE_LOADER = "$(TEST_HOST)";
				FRAMEWORK_SEARCH_PATHS = (
					"$(SDKROOT)/Developer/Library/Frameworks",
					"$(inherited)",
				);
				INFOPLIST_FILE = OnTheMapTests/Info.plist;
				LD_RUNPATH_SEARCH_PATHS = "$(inherited) @executable_path/Frameworks @loader_path/Frameworks";
				PRODUCT_NAME = "$(TARGET_NAME)";
				TEST_HOST = "$(BUILT_PRODUCTS_DIR)/OnTheMap.app/OnTheMap";
			};
			name = Release;
		};
/* End XCBuildConfiguration section */

/* Begin XCConfigurationList section */
		9DE931C31B2368A800C5AD86 /* Build configuration list for PBXProject "OnTheMap" */ = {
			isa = XCConfigurationList;
			buildConfigurations = (
				9DE931E51B2368A800C5AD86 /* Debug */,
				9DE931E61B2368A800C5AD86 /* Release */,
			);
			defaultConfigurationIsVisible = 0;
			defaultConfigurationName = Release;
		};
		9DE931E71B2368A800C5AD86 /* Build configuration list for PBXNativeTarget "OnTheMap" */ = {
			isa = XCConfigurationList;
			buildConfigurations = (
				9DE931E81B2368A800C5AD86 /* Debug */,
				9DE931E91B2368A800C5AD86 /* Release */,
			);
			defaultConfigurationIsVisible = 0;
			defaultConfigurationName = Release;
		};
		9DE931EA1B2368A800C5AD86 /* Build configuration list for PBXNativeTarget "OnTheMapTests" */ = {
			isa = XCConfigurationList;
			buildConfigurations = (
				9DE931EB1B2368A800C5AD86 /* Debug */,
				9DE931EC1B2368A800C5AD86 /* Release */,
			);
			defaultConfigurationIsVisible = 0;
			defaultConfigurationName = Release;
		};
/* End XCConfigurationList section */
	};
	rootObject = 9DE931C01B2368A800C5AD86 /* Project object */;
}
